
Microsoft Visual Studio Solution File, Format Version 12.00
# Visual Studio Version 17
VisualStudioVersion = 17.8.34330.188
MinimumVisualStudioVersion = 10.0.40219.1
Project("{FAE04EC0-301F-11D3-BF4B-00C04F79EFBC}") = "TeknikEnvanter3", "TeknikEnvanter3\TeknikEnvanter3.csproj", "{EBE368CF-A23B-4589-B5E3-9B8C95EDF5B9}"
EndProject
Global
	GlobalSection(SolutionConfigurationPlatforms) = preSolution
		Debug|Any CPU = Debug|Any CPU
		Release|Any CPU = Release|Any CPU
	EndGlobalSection
	GlobalSection(ProjectConfigurationPlatforms) = postSolution
		{EBE368CF-A23B-4589-B5E3-9B8C95EDF5B9}.Debug|Any CPU.ActiveCfg = Debug|Any CPU
		{EBE368CF-A23B-4589-B5E3-9B8C95EDF5B9}.Debug|Any CPU.Build.0 = Debug|Any CPU
		{EBE368CF-A23B-4589-B5E3-9B8C95EDF5B9}.Release|Any CPU.ActiveCfg = Release|Any CPU
		{EBE368CF-A23B-4589-B5E3-9B8C95EDF5B9}.Release|Any CPU.Build.0 = Release|Any CPU
	EndGlobalSection
	GlobalSection(SolutionProperties) = preSolution
		HideSolutionNode = FALSE
	EndGlobalSection
	GlobalSection(ExtensibilityGlobals) = postSolution
		SolutionGuid = {0EE45524-0574-43EF-A785-2D3385C436C2}
	EndGlobalSection
EndGlobal
